{
  "sources": {
    "apt": {
      "locked_version": "2.1.0"
    },
    "ruby_build": {
      "locked_version": "0.8.0"
    },
    "chef-rvm": {
      "locked_version": "0.9.1",
      "git": "git://github.com/fnichol/chef-rvm.git",
      "ref": "7038fb8c518d0d7785767de215b1ae463f237973"
    },
    "build-essential": {
      "locked_version": "1.4.0"
    },
    "apache2": {
      "locked_version": "1.6.6"
    },
    "passenger_apache2": {
      "locked_version": "2.0.2"
    },
    "postgresql": {
      "locked_version": "3.0.2"
    },
    "java": {
      "locked_version": "1.12.0"
    },
    "windows": {
      "locked_version": "1.10.0"
    },
    "chef_handler": {
      "locked_version": "1.1.4"
    },
    "chef_gem": {
      "locked_version": "0.1.0"
    },
    "openssl": {
      "locked_version": "1.0.2"
    }
  }
}
